
Microsoft Visual Studio Solution File, Format Version 12.00
# Visual Studio Version 17
VisualStudioVersion = 17.8.34511.84
MinimumVisualStudioVersion = 10.0.40219.1
Project("{FAE04EC0-301F-11D3-BF4B-00C04F79EFBC}") = "SimulationLib", "SimulationLib\SimulationLib.csproj", "{BE72185F-99B2-4F4E-9A4D-B129F2844E8C}"
EndProject
Global
	GlobalSection(SolutionConfigurationPlatforms) = preSolution
		Debug|Any CPU = Debug|Any CPU
		Release|Any CPU = Release|Any CPU
	EndGlobalSection
	GlobalSection(ProjectConfigurationPlatforms) = postSolution
		{BE72185F-99B2-4F4E-9A4D-B129F2844E8C}.Debug|Any CPU.ActiveCfg = Debug|Any CPU
		{BE72185F-99B2-4F4E-9A4D-B129F2844E8C}.Debug|Any CPU.Build.0 = Debug|Any CPU
		{BE72185F-99B2-4F4E-9A4D-B129F2844E8C}.Release|Any CPU.ActiveCfg = Release|Any CPU
		{BE72185F-99B2-4F4E-9A4D-B129F2844E8C}.Release|Any CPU.Build.0 = Release|Any CPU
	EndGlobalSection
	GlobalSection(SolutionProperties) = preSolution
		HideSolutionNode = FALSE
	EndGlobalSection
	GlobalSection(ExtensibilityGlobals) = postSolution
		SolutionGuid = {9A34F380-1FF0-48CD-84DE-2EB15F9DF9E3}
	EndGlobalSection
EndGlobal
